
Microsoft Visual Studio Solution File, Format Version 12.00
# Visual Studio Version 16
VisualStudioVersion = 16.0.32630.194
MinimumVisualStudioVersion = 10.0.40219.1
Project("{2150E333-8FDC-42A3-9474-1A3956D46DE8}") = "1 - Web", "1 - Web", "{8A37BEF3-B34E-4168-B877-3856E1F3D9F1}"
EndProject
Project("{2150E333-8FDC-42A3-9474-1A3956D46DE8}") = "2 - Application", "2 - Application", "{89765740-72D6-4246-A367-FB77DC16D10F}"
EndProject
Project("{2150E333-8FDC-42A3-9474-1A3956D46DE8}") = "3 - Domain", "3 - Domain", "{ED406742-9846-4645-8CF7-904E9F23757D}"
EndProject
Project("{2150E333-8FDC-42A3-9474-1A3956D46DE8}") = "4 - Infra", "4 - Infra", "{05FA939F-B63C-4C4B-968D-1E1268878158}"
EndProject
Project("{FAE04EC0-301F-11D3-BF4B-00C04F79EFBC}") = "App", "App\App.csproj", "{ADD0B2C4-FD4D-4712-BE49-ED4AAC13806F}"
EndProject
Project("{FAE04EC0-301F-11D3-BF4B-00C04F79EFBC}") = "Application", "Application\Application.csproj", "{3BA66ECE-4C38-4196-B282-A136F048D68C}"
EndProject
Project("{FAE04EC0-301F-11D3-BF4B-00C04F79EFBC}") = "Domain", "Domain\Domain.csproj", "{3AB0C6EF-2738-418A-92BF-7E2247FDD3C5}"
EndProject
Project("{2150E333-8FDC-42A3-9474-1A3956D46DE8}") = "4.1 - Data", "4.1 - Data", "{4C837A01-4F56-4F1C-87F3-1F6B03B89A74}"
EndProject
Project("{FAE04EC0-301F-11D3-BF4B-00C04F79EFBC}") = "Data", "Data\Data.csproj", "{DEB0FA92-97C7-4475-AD08-D9AD5A1BF02C}"
EndProject
Project("{2150E333-8FDC-42A3-9474-1A3956D46DE8}") = "4.2 - CrossCutting", "4.2 - CrossCutting", "{DA88A8BF-35B1-4D85-A48A-447FB2DE50F5}"
EndProject
Project("{FAE04EC0-301F-11D3-BF4B-00C04F79EFBC}") = "IoC", "IoC\IoC.csproj", "{A148FE8D-BCDE-477D-A981-63E9906319FD}"
EndProject
Global
	GlobalSection(SolutionConfigurationPlatforms) = preSolution
		Debug|Any CPU = Debug|Any CPU
		Release|Any CPU = Release|Any CPU
	EndGlobalSection
	GlobalSection(ProjectConfigurationPlatforms) = postSolution
		{ADD0B2C4-FD4D-4712-BE49-ED4AAC13806F}.Debug|Any CPU.ActiveCfg = Debug|Any CPU
		{ADD0B2C4-FD4D-4712-BE49-ED4AAC13806F}.Debug|Any CPU.Build.0 = Debug|Any CPU
		{ADD0B2C4-FD4D-4712-BE49-ED4AAC13806F}.Release|Any CPU.ActiveCfg = Release|Any CPU
		{ADD0B2C4-FD4D-4712-BE49-ED4AAC13806F}.Release|Any CPU.Build.0 = Release|Any CPU
		{3BA66ECE-4C38-4196-B282-A136F048D68C}.Debug|Any CPU.ActiveCfg = Debug|Any CPU
		{3BA66ECE-4C38-4196-B282-A136F048D68C}.Debug|Any CPU.Build.0 = Debug|Any CPU
		{3BA66ECE-4C38-4196-B282-A136F048D68C}.Release|Any CPU.ActiveCfg = Release|Any CPU
		{3BA66ECE-4C38-4196-B282-A136F048D68C}.Release|Any CPU.Build.0 = Release|Any CPU
		{3AB0C6EF-2738-418A-92BF-7E2247FDD3C5}.Debug|Any CPU.ActiveCfg = Debug|Any CPU
		{3AB0C6EF-2738-418A-92BF-7E2247FDD3C5}.Debug|Any CPU.Build.0 = Debug|Any CPU
		{3AB0C6EF-2738-418A-92BF-7E2247FDD3C5}.Release|Any CPU.ActiveCfg = Release|Any CPU
		{3AB0C6EF-2738-418A-92BF-7E2247FDD3C5}.Release|Any CPU.Build.0 = Release|Any CPU
		{DEB0FA92-97C7-4475-AD08-D9AD5A1BF02C}.Debug|Any CPU.ActiveCfg = Debug|Any CPU
		{DEB0FA92-97C7-4475-AD08-D9AD5A1BF02C}.Debug|Any CPU.Build.0 = Debug|Any CPU
		{DEB0FA92-97C7-4475-AD08-D9AD5A1BF02C}.Release|Any CPU.ActiveCfg = Release|Any CPU
		{DEB0FA92-97C7-4475-AD08-D9AD5A1BF02C}.Release|Any CPU.Build.0 = Release|Any CPU
		{A148FE8D-BCDE-477D-A981-63E9906319FD}.Debug|Any CPU.ActiveCfg = Debug|Any CPU
		{A148FE8D-BCDE-477D-A981-63E9906319FD}.Debug|Any CPU.Build.0 = Debug|Any CPU
		{A148FE8D-BCDE-477D-A981-63E9906319FD}.Release|Any CPU.ActiveCfg = Release|Any CPU
		{A148FE8D-BCDE-477D-A981-63E9906319FD}.Release|Any CPU.Build.0 = Release|Any CPU
	EndGlobalSection
	GlobalSection(SolutionProperties) = preSolution
		HideSolutionNode = FALSE
	EndGlobalSection
	GlobalSection(NestedProjects) = preSolution
		{ADD0B2C4-FD4D-4712-BE49-ED4AAC13806F} = {8A37BEF3-B34E-4168-B877-3856E1F3D9F1}
		{3BA66ECE-4C38-4196-B282-A136F048D68C} = {89765740-72D6-4246-A367-FB77DC16D10F}
		{3AB0C6EF-2738-418A-92BF-7E2247FDD3C5} = {ED406742-9846-4645-8CF7-904E9F23757D}
		{4C837A01-4F56-4F1C-87F3-1F6B03B89A74} = {05FA939F-B63C-4C4B-968D-1E1268878158}
		{DEB0FA92-97C7-4475-AD08-D9AD5A1BF02C} = {4C837A01-4F56-4F1C-87F3-1F6B03B89A74}
		{DA88A8BF-35B1-4D85-A48A-447FB2DE50F5} = {05FA939F-B63C-4C4B-968D-1E1268878158}
		{A148FE8D-BCDE-477D-A981-63E9906319FD} = {DA88A8BF-35B1-4D85-A48A-447FB2DE50F5}
	EndGlobalSection
	GlobalSection(ExtensibilityGlobals) = postSolution
		SolutionGuid = {19FF10E2-A3BB-4FB8-B9FF-58215924F244}
	EndGlobalSection
EndGlobal
